
Microsoft Visual Studio Solution File, Format Version 12.00
# Visual Studio Version 18
VisualStudioVersion = 18.0.11205.157
MinimumVisualStudioVersion = 10.0.40219.1
Project("{FAE04EC0-301F-11D3-BF4B-00C04F79EFBC}") = "Skribe.AIAgent", "Skribe.AIAgent\Skribe.AIAgent.csproj", "{D2B80EE9-026C-742F-F23D-BCB45C82B5D9}"
EndProject
Project("{FAE04EC0-301F-11D3-BF4B-00C04F79EFBC}") = "Skribe.Shared", "Skribe.Shared\Skribe.Shared.csproj", "{C0C21DEA-3CDE-0639-9BF8-DC51394839D5}"
EndProject
Project("{FAE04EC0-301F-11D3-BF4B-00C04F79EFBC}") = "SkribeMaui", "SkribeMaui\SkribeMaui.csproj", "{B68E635A-6936-A77A-C9B2-BCB3D4E2900F}"
EndProject
Global
	GlobalSection(SolutionConfigurationPlatforms) = preSolution
		Debug|Any CPU = Debug|Any CPU
		Release|Any CPU = Release|Any CPU
	EndGlobalSection
	GlobalSection(ProjectConfigurationPlatforms) = postSolution
		{D2B80EE9-026C-742F-F23D-BCB45C82B5D9}.Debug|Any CPU.ActiveCfg = Debug|Any CPU
		{D2B80EE9-026C-742F-F23D-BCB45C82B5D9}.Debug|Any CPU.Build.0 = Debug|Any CPU
		{D2B80EE9-026C-742F-F23D-BCB45C82B5D9}.Release|Any CPU.ActiveCfg = Release|Any CPU
		{D2B80EE9-026C-742F-F23D-BCB45C82B5D9}.Release|Any CPU.Build.0 = Release|Any CPU
		{C0C21DEA-3CDE-0639-9BF8-DC51394839D5}.Debug|Any CPU.ActiveCfg = Debug|Any CPU
		{C0C21DEA-3CDE-0639-9BF8-DC51394839D5}.Debug|Any CPU.Build.0 = Debug|Any CPU
		{C0C21DEA-3CDE-0639-9BF8-DC51394839D5}.Release|Any CPU.ActiveCfg = Release|Any CPU
		{C0C21DEA-3CDE-0639-9BF8-DC51394839D5}.Release|Any CPU.Build.0 = Release|Any CPU
		{B68E635A-6936-A77A-C9B2-BCB3D4E2900F}.Debug|Any CPU.ActiveCfg = Debug|Any CPU
		{B68E635A-6936-A77A-C9B2-BCB3D4E2900F}.Debug|Any CPU.Build.0 = Debug|Any CPU
		{B68E635A-6936-A77A-C9B2-BCB3D4E2900F}.Debug|Any CPU.Deploy.0 = Debug|Any CPU
		{B68E635A-6936-A77A-C9B2-BCB3D4E2900F}.Release|Any CPU.ActiveCfg = Release|Any CPU
		{B68E635A-6936-A77A-C9B2-BCB3D4E2900F}.Release|Any CPU.Build.0 = Release|Any CPU
	EndGlobalSection
	GlobalSection(SolutionProperties) = preSolution
		HideSolutionNode = FALSE
	EndGlobalSection
	GlobalSection(ExtensibilityGlobals) = postSolution
		SolutionGuid = {DECF0B5B-7CF9-44C9-ABA3-9E3308702C93}
	EndGlobalSection
EndGlobal
