
Microsoft Visual Studio Solution File, Format Version 12.00
# Visual Studio Version 18
VisualStudioVersion = 18.0.11205.157
MinimumVisualStudioVersion = 10.0.40219.1
Project("{FAE04EC0-301F-11D3-BF4B-00C04F79EFBC}") = "SkribeMaui", "MomentumMaui\SkribeMaui.csproj", "{890CEA04-1A57-40CE-9133-BF71082294DE}"
EndProject
Project("{FAE04EC0-301F-11D3-BF4B-00C04F79EFBC}") = "Skribe.Shared", "Momentum.Shared\Skribe.Shared.csproj", "{C36CCBE4-078E-47A4-B852-DB5C3E0845A3}"
EndProject
Project("{FAE04EC0-301F-11D3-BF4B-00C04F79EFBC}") = "Skribe.AIAgent", "Momentum.AIAgent\Skribe.AIAgent.csproj", "{F988EE03-0E05-6084-457A-E1C9BDDDA2C8}"
EndProject
Project("{FAE04EC0-301F-11D3-BF4B-00C04F79EFBC}") = "AIAgent", "AIAgent\AIAgent.csproj", "{02FB8035-E66F-4EEE-BB71-BD393791C53D}"
EndProject
Global
	GlobalSection(SolutionConfigurationPlatforms) = preSolution
		Debug|Any CPU = Debug|Any CPU
		Release|Any CPU = Release|Any CPU
	EndGlobalSection
	GlobalSection(ProjectConfigurationPlatforms) = postSolution
		{890CEA04-1A57-40CE-9133-BF71082294DE}.Debug|Any CPU.ActiveCfg = Debug|Any CPU
		{890CEA04-1A57-40CE-9133-BF71082294DE}.Debug|Any CPU.Build.0 = Debug|Any CPU
		{890CEA04-1A57-40CE-9133-BF71082294DE}.Debug|Any CPU.Deploy.0 = Debug|Any CPU
		{890CEA04-1A57-40CE-9133-BF71082294DE}.Release|Any CPU.ActiveCfg = Release|Any CPU
		{890CEA04-1A57-40CE-9133-BF71082294DE}.Release|Any CPU.Build.0 = Release|Any CPU
		{C36CCBE4-078E-47A4-B852-DB5C3E0845A3}.Debug|Any CPU.ActiveCfg = Debug|Any CPU
		{C36CCBE4-078E-47A4-B852-DB5C3E0845A3}.Debug|Any CPU.Build.0 = Debug|Any CPU
		{C36CCBE4-078E-47A4-B852-DB5C3E0845A3}.Release|Any CPU.ActiveCfg = Release|Any CPU
		{C36CCBE4-078E-47A4-B852-DB5C3E0845A3}.Release|Any CPU.Build.0 = Release|Any CPU
		{F988EE03-0E05-6084-457A-E1C9BDDDA2C8}.Debug|Any CPU.ActiveCfg = Debug|Any CPU
		{F988EE03-0E05-6084-457A-E1C9BDDDA2C8}.Debug|Any CPU.Build.0 = Debug|Any CPU
		{F988EE03-0E05-6084-457A-E1C9BDDDA2C8}.Release|Any CPU.ActiveCfg = Release|Any CPU
		{F988EE03-0E05-6084-457A-E1C9BDDDA2C8}.Release|Any CPU.Build.0 = Release|Any CPU
		{02FB8035-E66F-4EEE-BB71-BD393791C53D}.Debug|Any CPU.ActiveCfg = Debug|Any CPU
		{02FB8035-E66F-4EEE-BB71-BD393791C53D}.Debug|Any CPU.Build.0 = Debug|Any CPU
		{02FB8035-E66F-4EEE-BB71-BD393791C53D}.Release|Any CPU.ActiveCfg = Release|Any CPU
		{02FB8035-E66F-4EEE-BB71-BD393791C53D}.Release|Any CPU.Build.0 = Release|Any CPU
	EndGlobalSection
	GlobalSection(SolutionProperties) = preSolution
		HideSolutionNode = FALSE
	EndGlobalSection
	GlobalSection(ExtensibilityGlobals) = postSolution
		SolutionGuid = {DECF0B5B-7CF9-44C9-ABA3-9E3308702C93}
	EndGlobalSection
EndGlobal
